
Microsoft Visual Studio Solution File, Format Version 12.00
# Visual Studio Version 17
VisualStudioVersion = 17.8.34330.188
MinimumVisualStudioVersion = 10.0.40219.1
Project("{FAE04EC0-301F-11D3-BF4B-00C04F79EFBC}") = "Kaize_Kod_Uretme", "Kaize_Kod_Uretme\Kaize_Kod_Uretme.csproj", "{EC7C018E-F5B8-4119-A0AE-76F92AC532C5}"
EndProject
Global
	GlobalSection(SolutionConfigurationPlatforms) = preSolution
		Debug|Any CPU = Debug|Any CPU
		Release|Any CPU = Release|Any CPU
	EndGlobalSection
	GlobalSection(ProjectConfigurationPlatforms) = postSolution
		{EC7C018E-F5B8-4119-A0AE-76F92AC532C5}.Debug|Any CPU.ActiveCfg = Debug|Any CPU
		{EC7C018E-F5B8-4119-A0AE-76F92AC532C5}.Debug|Any CPU.Build.0 = Debug|Any CPU
		{EC7C018E-F5B8-4119-A0AE-76F92AC532C5}.Release|Any CPU.ActiveCfg = Release|Any CPU
		{EC7C018E-F5B8-4119-A0AE-76F92AC532C5}.Release|Any CPU.Build.0 = Release|Any CPU
	EndGlobalSection
	GlobalSection(SolutionProperties) = preSolution
		HideSolutionNode = FALSE
	EndGlobalSection
	GlobalSection(ExtensibilityGlobals) = postSolution
		SolutionGuid = {2BEEE839-F004-4675-8DC2-98CF36F60DEE}
	EndGlobalSection
EndGlobal
